
Microsoft Visual Studio Solution File, Format Version 12.00
# Visual Studio Version 16
VisualStudioVersion = 16.0.31624.102
MinimumVisualStudioVersion = 10.0.40219.1
Project("{FAE04EC0-301F-11D3-BF4B-00C04F79EFBC}") = "DERSDEVAM", "DERSDEVAM\DERSDEVAM.csproj", "{CBEEC4CD-0C62-4C7A-9EFF-654B23353495}"
EndProject
Global
	GlobalSection(SolutionConfigurationPlatforms) = preSolution
		Debug|Any CPU = Debug|Any CPU
		Release|Any CPU = Release|Any CPU
	EndGlobalSection
	GlobalSection(ProjectConfigurationPlatforms) = postSolution
		{CBEEC4CD-0C62-4C7A-9EFF-654B23353495}.Debug|Any CPU.ActiveCfg = Debug|Any CPU
		{CBEEC4CD-0C62-4C7A-9EFF-654B23353495}.Debug|Any CPU.Build.0 = Debug|Any CPU
		{CBEEC4CD-0C62-4C7A-9EFF-654B23353495}.Release|Any CPU.ActiveCfg = Release|Any CPU
		{CBEEC4CD-0C62-4C7A-9EFF-654B23353495}.Release|Any CPU.Build.0 = Release|Any CPU
	EndGlobalSection
	GlobalSection(SolutionProperties) = preSolution
		HideSolutionNode = FALSE
	EndGlobalSection
	GlobalSection(ExtensibilityGlobals) = postSolution
		SolutionGuid = {BC0816C1-42EE-485E-B2E0-DEDC7924289A}
	EndGlobalSection
EndGlobal
